
Microsoft Visual Studio Solution File, Format Version 12.00
# Visual Studio Version 17
VisualStudioVersion = 17.7.34221.43
MinimumVisualStudioVersion = 10.0.40219.1
Project("{FAE04EC0-301F-11D3-BF4B-00C04F79EFBC}") = "ConsoleApp3", "ConsoleApp3\ConsoleApp3.csproj", "{BD381322-B360-4CA2-88BF-D635196CA408}"
EndProject
Global
	GlobalSection(SolutionConfigurationPlatforms) = preSolution
		Debug|Any CPU = Debug|Any CPU
		Release|Any CPU = Release|Any CPU
	EndGlobalSection
	GlobalSection(ProjectConfigurationPlatforms) = postSolution
		{BD381322-B360-4CA2-88BF-D635196CA408}.Debug|Any CPU.ActiveCfg = Debug|Any CPU
		{BD381322-B360-4CA2-88BF-D635196CA408}.Debug|Any CPU.Build.0 = Debug|Any CPU
		{BD381322-B360-4CA2-88BF-D635196CA408}.Release|Any CPU.ActiveCfg = Release|Any CPU
		{BD381322-B360-4CA2-88BF-D635196CA408}.Release|Any CPU.Build.0 = Release|Any CPU
	EndGlobalSection
	GlobalSection(SolutionProperties) = preSolution
		HideSolutionNode = FALSE
	EndGlobalSection
	GlobalSection(ExtensibilityGlobals) = postSolution
		SolutionGuid = {A93B1C8B-62D8-4C62-AE50-EA304771AD6C}
	EndGlobalSection
EndGlobal
